
Microsoft Visual Studio Solution File, Format Version 12.00
# Visual Studio Version 16
VisualStudioVersion = 16.0.30114.105
MinimumVisualStudioVersion = 10.0.40219.1
Project("{FAE04EC0-301F-11D3-BF4B-00C04F79EFBC}") = "API", "API\API.csproj", "{28A04607-37DC-4721-A0EB-C22C79AEBFF2}"
EndProject
Project("{FAE04EC0-301F-11D3-BF4B-00C04F79EFBC}") = "Application", "Application\Application.csproj", "{4F411E66-FADC-49B2-9028-81FBC61DF55B}"
EndProject
Project("{FAE04EC0-301F-11D3-BF4B-00C04F79EFBC}") = "Persistence", "Persistence\Persistence.csproj", "{F462F161-8DD2-49F8-9B49-1C1B264251BE}"
EndProject
Project("{FAE04EC0-301F-11D3-BF4B-00C04F79EFBC}") = "Domain", "Domain\Domain.csproj", "{8161F7AA-261E-40EF-93CE-4625125B8D2B}"
EndProject
Global
	GlobalSection(SolutionConfigurationPlatforms) = preSolution
		Debug|Any CPU = Debug|Any CPU
		Debug|x64 = Debug|x64
		Debug|x86 = Debug|x86
		Release|Any CPU = Release|Any CPU
		Release|x64 = Release|x64
		Release|x86 = Release|x86
	EndGlobalSection
	GlobalSection(SolutionProperties) = preSolution
		HideSolutionNode = FALSE
	EndGlobalSection
	GlobalSection(ProjectConfigurationPlatforms) = postSolution
		{28A04607-37DC-4721-A0EB-C22C79AEBFF2}.Debug|Any CPU.ActiveCfg = Debug|Any CPU
		{28A04607-37DC-4721-A0EB-C22C79AEBFF2}.Debug|Any CPU.Build.0 = Debug|Any CPU
		{28A04607-37DC-4721-A0EB-C22C79AEBFF2}.Debug|x64.ActiveCfg = Debug|Any CPU
		{28A04607-37DC-4721-A0EB-C22C79AEBFF2}.Debug|x64.Build.0 = Debug|Any CPU
		{28A04607-37DC-4721-A0EB-C22C79AEBFF2}.Debug|x86.ActiveCfg = Debug|Any CPU
		{28A04607-37DC-4721-A0EB-C22C79AEBFF2}.Debug|x86.Build.0 = Debug|Any CPU
		{28A04607-37DC-4721-A0EB-C22C79AEBFF2}.Release|Any CPU.ActiveCfg = Release|Any CPU
		{28A04607-37DC-4721-A0EB-C22C79AEBFF2}.Release|Any CPU.Build.0 = Release|Any CPU
		{28A04607-37DC-4721-A0EB-C22C79AEBFF2}.Release|x64.ActiveCfg = Release|Any CPU
		{28A04607-37DC-4721-A0EB-C22C79AEBFF2}.Release|x64.Build.0 = Release|Any CPU
		{28A04607-37DC-4721-A0EB-C22C79AEBFF2}.Release|x86.ActiveCfg = Release|Any CPU
		{28A04607-37DC-4721-A0EB-C22C79AEBFF2}.Release|x86.Build.0 = Release|Any CPU
		{4F411E66-FADC-49B2-9028-81FBC61DF55B}.Debug|Any CPU.ActiveCfg = Debug|Any CPU
		{4F411E66-FADC-49B2-9028-81FBC61DF55B}.Debug|Any CPU.Build.0 = Debug|Any CPU
		{4F411E66-FADC-49B2-9028-81FBC61DF55B}.Debug|x64.ActiveCfg = Debug|Any CPU
		{4F411E66-FADC-49B2-9028-81FBC61DF55B}.Debug|x64.Build.0 = Debug|Any CPU
		{4F411E66-FADC-49B2-9028-81FBC61DF55B}.Debug|x86.ActiveCfg = Debug|Any CPU
		{4F411E66-FADC-49B2-9028-81FBC61DF55B}.Debug|x86.Build.0 = Debug|Any CPU
		{4F411E66-FADC-49B2-9028-81FBC61DF55B}.Release|Any CPU.ActiveCfg = Release|Any CPU
		{4F411E66-FADC-49B2-9028-81FBC61DF55B}.Release|Any CPU.Build.0 = Release|Any CPU
		{4F411E66-FADC-49B2-9028-81FBC61DF55B}.Release|x64.ActiveCfg = Release|Any CPU
		{4F411E66-FADC-49B2-9028-81FBC61DF55B}.Release|x64.Build.0 = Release|Any CPU
		{4F411E66-FADC-49B2-9028-81FBC61DF55B}.Release|x86.ActiveCfg = Release|Any CPU
		{4F411E66-FADC-49B2-9028-81FBC61DF55B}.Release|x86.Build.0 = Release|Any CPU
		{F462F161-8DD2-49F8-9B49-1C1B264251BE}.Debug|Any CPU.ActiveCfg = Debug|Any CPU
		{F462F161-8DD2-49F8-9B49-1C1B264251BE}.Debug|Any CPU.Build.0 = Debug|Any CPU
		{F462F161-8DD2-49F8-9B49-1C1B264251BE}.Debug|x64.ActiveCfg = Debug|Any CPU
		{F462F161-8DD2-49F8-9B49-1C1B264251BE}.Debug|x64.Build.0 = Debug|Any CPU
		{F462F161-8DD2-49F8-9B49-1C1B264251BE}.Debug|x86.ActiveCfg = Debug|Any CPU
		{F462F161-8DD2-49F8-9B49-1C1B264251BE}.Debug|x86.Build.0 = Debug|Any CPU
		{F462F161-8DD2-49F8-9B49-1C1B264251BE}.Release|Any CPU.ActiveCfg = Release|Any CPU
		{F462F161-8DD2-49F8-9B49-1C1B264251BE}.Release|Any CPU.Build.0 = Release|Any CPU
		{F462F161-8DD2-49F8-9B49-1C1B264251BE}.Release|x64.ActiveCfg = Release|Any CPU
		{F462F161-8DD2-49F8-9B49-1C1B264251BE}.Release|x64.Build.0 = Release|Any CPU
		{F462F161-8DD2-49F8-9B49-1C1B264251BE}.Release|x86.ActiveCfg = Release|Any CPU
		{F462F161-8DD2-49F8-9B49-1C1B264251BE}.Release|x86.Build.0 = Release|Any CPU
		{8161F7AA-261E-40EF-93CE-4625125B8D2B}.Debug|Any CPU.ActiveCfg = Debug|Any CPU
		{8161F7AA-261E-40EF-93CE-4625125B8D2B}.Debug|Any CPU.Build.0 = Debug|Any CPU
		{8161F7AA-261E-40EF-93CE-4625125B8D2B}.Debug|x64.ActiveCfg = Debug|Any CPU
		{8161F7AA-261E-40EF-93CE-4625125B8D2B}.Debug|x64.Build.0 = Debug|Any CPU
		{8161F7AA-261E-40EF-93CE-4625125B8D2B}.Debug|x86.ActiveCfg = Debug|Any CPU
		{8161F7AA-261E-40EF-93CE-4625125B8D2B}.Debug|x86.Build.0 = Debug|Any CPU
		{8161F7AA-261E-40EF-93CE-4625125B8D2B}.Release|Any CPU.ActiveCfg = Release|Any CPU
		{8161F7AA-261E-40EF-93CE-4625125B8D2B}.Release|Any CPU.Build.0 = Release|Any CPU
		{8161F7AA-261E-40EF-93CE-4625125B8D2B}.Release|x64.ActiveCfg = Release|Any CPU
		{8161F7AA-261E-40EF-93CE-4625125B8D2B}.Release|x64.Build.0 = Release|Any CPU
		{8161F7AA-261E-40EF-93CE-4625125B8D2B}.Release|x86.ActiveCfg = Release|Any CPU
		{8161F7AA-261E-40EF-93CE-4625125B8D2B}.Release|x86.Build.0 = Release|Any CPU
	EndGlobalSection
EndGlobal
